
Microsoft Visual Studio Solution File, Format Version 12.00
# Visual Studio 2013
VisualStudioVersion = 12.0.31101.0
MinimumVisualStudioVersion = 10.0.40219.1
Project("{FAE04EC0-301F-11D3-BF4B-00C04F79EFBC}") = "BalticAmadeus.FluentMdx", "BalticAmadeus.FluentMdx.csproj", "{BAE6F5C3-61F9-4CFC-9192-C2819025152D}"
EndProject
Project("{FAE04EC0-301F-11D3-BF4B-00C04F79EFBC}") = "BalticAmadeus.FluentMdx.Tests", "..\BalticAmadeus.FluentMdx.Tests\BalticAmadeus.FluentMdx.Tests.csproj", "{CDBA3B77-1DA3-43C6-857F-5C2F56AF4E2B}"
EndProject
Global
	GlobalSection(SolutionConfigurationPlatforms) = preSolution
		Debug|Any CPU = Debug|Any CPU
		Release|Any CPU = Release|Any CPU
	EndGlobalSection
	GlobalSection(ProjectConfigurationPlatforms) = postSolution
		{BAE6F5C3-61F9-4CFC-9192-C2819025152D}.Debug|Any CPU.ActiveCfg = Debug|Any CPU
		{BAE6F5C3-61F9-4CFC-9192-C2819025152D}.Debug|Any CPU.Build.0 = Debug|Any CPU
		{BAE6F5C3-61F9-4CFC-9192-C2819025152D}.Release|Any CPU.ActiveCfg = Release|Any CPU
		{BAE6F5C3-61F9-4CFC-9192-C2819025152D}.Release|Any CPU.Build.0 = Release|Any CPU
		{CDBA3B77-1DA3-43C6-857F-5C2F56AF4E2B}.Debug|Any CPU.ActiveCfg = Debug|Any CPU
		{CDBA3B77-1DA3-43C6-857F-5C2F56AF4E2B}.Debug|Any CPU.Build.0 = Debug|Any CPU
		{CDBA3B77-1DA3-43C6-857F-5C2F56AF4E2B}.Release|Any CPU.ActiveCfg = Release|Any CPU
		{CDBA3B77-1DA3-43C6-857F-5C2F56AF4E2B}.Release|Any CPU.Build.0 = Release|Any CPU
	EndGlobalSection
	GlobalSection(SolutionProperties) = preSolution
		HideSolutionNode = FALSE
	EndGlobalSection
EndGlobal
